github.com/flopp/go-findfont v0.1.0 h1:lPn0BymDUtJo+ZkV01VS3661HL6F4qFlkhcJN55u6mU=
github.com/flopp/go-findfont v0.1.0/go.mod h1:wKKxRDjD024Rh7VMwoU90i6ikQRCr+JTHB5n4Ejkqvw=
github.com/go-webgpu/goffi v0.6.3 h1:p4gKGikHBAQ/8iUiew9MV4C5M1ZGIsk8QGFGuJjMj+A=
github.com/go-webgpu/goffi v0.6.3/go.mod h1:wfoxNsJkU+5RFbV1kNN1kunhc1lFHuJKK3zpgx08/uM=
github.com/go-webgpu/webgpu v0.5.5 h1:pIrXzRg0LRlNjNmR+ZNo/ERN88YaObzbCY5oYhir5SA=
github.com/go-webgpu/webgpu v0.5.5/go.mod h1:vgIuNTa1UlZ4njCGY6Pmp/0c5T5o2Ml2fQ0znLc7B98=
github.com/gogpu/gpucontext v0.29.0 h1:6bDEWM31YH/af8JtmyyaowFg8lWCj/ejC2YA/7MLurA=
github.com/gogpu/gpucontext v0.29.0/go.mod h1:9cLMjpc/dgKWarRQi75EyLl+l0CZv96TxUsmrrIUoMI=
github.com/gogpu/gputypes v0.6.0 h1:nfjx0ek0jU97ziHmukJgUJZBzlTlls9hsnEeqIEZUxM=
github.com/gogpu/gputypes v0.6.0/go.mod h1:cnXrDMwTpWTvJLW1Vreop3PcT6a2YP/i3s91rPaOavw=
github.com/gogpu/naga v0.19.0 h1:+Pu7kahdMhvRWtpEbTW5YFQZPoklccMO4vryEk6w9zU=
github.com/gogpu/naga v0.19.0/go.mod h1:15sQaHKkbqXcwTN+hHYGLsA0WBBnkmYzne/eF5p5WEg=
github.com/gogpu/wgpu v0.32.1 h1:HfwUPhz8rk70FbHxmmSVA55d5Ju1E4RvruXZAZrvT3o=
github.com/gogpu/wgpu v0.32.1/go.mod h1:vCq65g/41HOAFUewaeOUafn9L/id6x+hGkBibGVLSgI=
golang.org/x/image v0.41.0 h1:8wS72eGJMJaBxK6okTzd4WaXumUlTVlb753MlsSvTCo=
golang.org/x/image v0.41.0/go.mod h1:uIc348UZMSvS5Z65CVZ7iDPaNobNFEPeJ4kbqTOszmA=
golang.org/x/sys v0.47.0 h1:o7XGOvZQCADBQQ4Y7VNq2dRWQR7JmOUW8Kxx4ZsNgWs=
golang.org/x/sys v0.47.0/go.mod h1:4GL1E5IUh+htKOUEOaiffhrAeqysfVGipDYzABqnCmw=
golang.org/x/text v0.37.0 h1:Cqjiwd9eSg8e0QAkyCaQTNHFIIzWtidPahFWR83rTrc=
golang.org/x/text v0.37.0/go.mod h1:a5sjxXGs9hsn/AJVwuElvCAo9v8QYLzvavO5z2PiM38=
