github.com/flopp/go-findfont v0.1.0 h1:lPn0BymDUtJo+ZkV01VS3661HL6F4qFlkhcJN55u6mU=
github.com/flopp/go-findfont v0.1.0/go.mod h1:wKKxRDjD024Rh7VMwoU90i6ikQRCr+JTHB5n4Ejkqvw=
github.com/go-webgpu/goffi v0.5.2 h1:Kq2llPlA6IhkkmAffkM5CtsgaXuBQC4mBI0BOREwV04=
github.com/go-webgpu/goffi v0.5.2/go.mod h1:wfoxNsJkU+5RFbV1kNN1kunhc1lFHuJKK3zpgx08/uM=
github.com/go-webgpu/webgpu v0.5.2 h1:E+yKCbRw/Dgn77pb/CX3kXatwwROGX7/B4ZFbRPaRbQ=
github.com/go-webgpu/webgpu v0.5.2/go.mod h1:d2RR3tI2kUtcMfpC+qJt46IRkDslRhftjCfQvnprGkY=
github.com/gogpu/gputypes v0.5.2 h1:3sbKI0+XW36Ekd3d4QhkbpdY7gbgMVgp8Q4+ZNdGhtE=
github.com/gogpu/gputypes v0.5.2/go.mod h1:cnXrDMwTpWTvJLW1Vreop3PcT6a2YP/i3s91rPaOavw=
github.com/gogpu/naga v0.17.13 h1:VlponVgD1fEfNotx0874M4n7tnfum8YlMEB3pBdd2Ps=
github.com/gogpu/naga v0.17.13/go.mod h1:15sQaHKkbqXcwTN+hHYGLsA0WBBnkmYzne/eF5p5WEg=
github.com/gogpu/wgpu v0.29.1 h1:pSLOpg/VlhnkyZ2ffmnqkGUVAiuCbPnnduxlWgPHZwI=
github.com/gogpu/wgpu v0.29.1/go.mod h1:aZVNcEK4tf8fmSha+W7vwxxfJBBRWvUMjT+17bWHSYY=
golang.org/x/image v0.41.0 h1:8wS72eGJMJaBxK6okTzd4WaXumUlTVlb753MlsSvTCo=
golang.org/x/image v0.41.0/go.mod h1:uIc348UZMSvS5Z65CVZ7iDPaNobNFEPeJ4kbqTOszmA=
golang.org/x/sys v0.45.0 h1:dO4czNzziLiiXplLQgBCEpCvXQ3dnkn0SdaZSYdQ+FY=
golang.org/x/sys v0.45.0/go.mod h1:4GL1E5IUh+htKOUEOaiffhrAeqysfVGipDYzABqnCmw=
golang.org/x/text v0.37.0 h1:Cqjiwd9eSg8e0QAkyCaQTNHFIIzWtidPahFWR83rTrc=
golang.org/x/text v0.37.0/go.mod h1:a5sjxXGs9hsn/AJVwuElvCAo9v8QYLzvavO5z2PiM38=
